
Microsoft Visual Studio Solution File, Format Version 12.00
# Visual Studio Version 17
VisualStudioVersion = 17.13.35825.156 d17.13
MinimumVisualStudioVersion = 10.0.40219.1
Project("{FAE04EC0-301F-11D3-BF4B-00C04F79EFBC}") = "FixResx", "FixResx.csproj", "{64A9CE1F-548E-435C-B08E-925CC60D1E4A}"
EndProject
Global
	GlobalSection(SolutionConfigurationPlatforms) = preSolution
		Debug|Any CPU = Debug|Any CPU
		Release|Any CPU = Release|Any CPU
	EndGlobalSection
	GlobalSection(ProjectConfigurationPlatforms) = postSolution
		{64A9CE1F-548E-435C-B08E-925CC60D1E4A}.Debug|Any CPU.ActiveCfg = Debug|Any CPU
		{64A9CE1F-548E-435C-B08E-925CC60D1E4A}.Debug|Any CPU.Build.0 = Debug|Any CPU
		{64A9CE1F-548E-435C-B08E-925CC60D1E4A}.Release|Any CPU.ActiveCfg = Release|Any CPU
		{64A9CE1F-548E-435C-B08E-925CC60D1E4A}.Release|Any CPU.Build.0 = Release|Any CPU
	EndGlobalSection
	GlobalSection(SolutionProperties) = preSolution
		HideSolutionNode = FALSE
	EndGlobalSection
	GlobalSection(ExtensibilityGlobals) = postSolution
		SolutionGuid = {FFBC5BA7-FD02-4D10-A23B-5B93E19B0D34}
	EndGlobalSection
EndGlobal
